
Microsoft Visual Studio Solution File, Format Version 12.00
# Visual Studio Version 16
VisualStudioVersion = 16.0.30320.27
MinimumVisualStudioVersion = 10.0.40219.1
Project("{9A19103F-16F7-4668-BE54-9A1E7A4F7556}") = "Snmp.Model", "Snmp.Model\Snmp.Model.csproj", "{6C4A0388-5041-4086-ACC5-12B7E5371D16}"
EndProject
Project("{9A19103F-16F7-4668-BE54-9A1E7A4F7556}") = "Snmp.Serializer", "Snmp.Serializer\Snmp.Serializer.csproj", "{A1A4AB84-6E6D-4AAB-B145-02DF7B303A85}"
EndProject
Project("{FAE04EC0-301F-11D3-BF4B-00C04F79EFBC}") = "Snmp.Test", "Snmp.Test\Snmp.Test.csproj", "{C4CD6EB8-8EC5-4893-B6A3-71D036EEF4AA}"
EndProject
Global
	GlobalSection(SolutionConfigurationPlatforms) = preSolution
		Debug|Any CPU = Debug|Any CPU
		Release|Any CPU = Release|Any CPU
	EndGlobalSection
	GlobalSection(ProjectConfigurationPlatforms) = postSolution
		{6C4A0388-5041-4086-ACC5-12B7E5371D16}.Debug|Any CPU.ActiveCfg = Debug|Any CPU
		{6C4A0388-5041-4086-ACC5-12B7E5371D16}.Debug|Any CPU.Build.0 = Debug|Any CPU
		{6C4A0388-5041-4086-ACC5-12B7E5371D16}.Release|Any CPU.ActiveCfg = Release|Any CPU
		{6C4A0388-5041-4086-ACC5-12B7E5371D16}.Release|Any CPU.Build.0 = Release|Any CPU
		{A1A4AB84-6E6D-4AAB-B145-02DF7B303A85}.Debug|Any CPU.ActiveCfg = Debug|Any CPU
		{A1A4AB84-6E6D-4AAB-B145-02DF7B303A85}.Debug|Any CPU.Build.0 = Debug|Any CPU
		{A1A4AB84-6E6D-4AAB-B145-02DF7B303A85}.Release|Any CPU.ActiveCfg = Release|Any CPU
		{A1A4AB84-6E6D-4AAB-B145-02DF7B303A85}.Release|Any CPU.Build.0 = Release|Any CPU
		{C4CD6EB8-8EC5-4893-B6A3-71D036EEF4AA}.Debug|Any CPU.ActiveCfg = Debug|Any CPU
		{C4CD6EB8-8EC5-4893-B6A3-71D036EEF4AA}.Debug|Any CPU.Build.0 = Debug|Any CPU
		{C4CD6EB8-8EC5-4893-B6A3-71D036EEF4AA}.Release|Any CPU.ActiveCfg = Release|Any CPU
		{C4CD6EB8-8EC5-4893-B6A3-71D036EEF4AA}.Release|Any CPU.Build.0 = Release|Any CPU
	EndGlobalSection
	GlobalSection(SolutionProperties) = preSolution
		HideSolutionNode = FALSE
	EndGlobalSection
	GlobalSection(ExtensibilityGlobals) = postSolution
		SolutionGuid = {31DD366B-DEE4-40AF-80D8-3CAAB882D435}
	EndGlobalSection
EndGlobal
